// !$*UTF8*$!
{
	archiveVersion = 1;
	classes = {
	};
	objectVersion = 46;
	objects = {

/* Begin PBXBuildFile section */
		421902271D9E5B7300DF94B0 /* baiduNaviSDK.bundle in CopyFiles */ = {isa = PBXBuildFile; fileRef = 3C06E5F91D012C4E00C7F84F /* baiduNaviSDK.bundle */; };
		42247D701D7824A70096DE3D /* libbaiduNaviSDK_arm64.a in Frameworks */ = {isa = PBXBuildFile; fileRef = 42247D6C1D7824A70096DE3D /* libbaiduNaviSDK_arm64.a */; };
		42247D711D7824A70096DE3D /* libbaiduNaviSDK_armv7.a in Frameworks */ = {isa = PBXBuildFile; fileRef = 42247D6D1D7824A70096DE3D /* libbaiduNaviSDK_armv7.a */; };
		42247D721D7824A70096DE3D /* libbaiduNaviSDK_i386.a in Frameworks */ = {isa = PBXBuildFile; fileRef = 42247D6E1D7824A70096DE3D /* libbaiduNaviSDK_i386.a */; };
		42247D731D7824A70096DE3D /* libbaiduNaviSDK_x86_64.a in Frameworks */ = {isa = PBXBuildFile; fileRef = 42247D6F1D7824A70096DE3D /* libbaiduNaviSDK_x86_64.a */; };
		427260471D9B9AA800B941CF /* AppCanKit.framework in Frameworks */ = {isa = PBXBuildFile; fileRef = 427260461D9B9AA800B941CF /* AppCanKit.framework */; };
		42FAB2A51B9E6EE200AD59E9 /* EUExBaiduNavi.m in Sources */ = {isa = PBXBuildFile; fileRef = 42FAB2A41B9E6EE200AD59E9 /* EUExBaiduNavi.m */; };
/* End PBXBuildFile section */

/* Begin PBXCopyFilesBuildPhase section */
		42FAB2701B9E6E8200AD59E9 /* CopyFiles */ = {
			isa = PBXCopyFilesBuildPhase;
			buildActionMask = 2147483647;
			dstPath = "";
			dstSubfolderSpec = 16;
			files = (
				421902271D9E5B7300DF94B0 /* baiduNaviSDK.bundle in CopyFiles */,
			);
			runOnlyForDeploymentPostprocessing = 0;
		};
/* End PBXCopyFilesBuildPhase section */

/* Begin PBXFileReference section */
		3C06E5F91D012C4E00C7F84F /* baiduNaviSDK.bundle */ = {isa = PBXFileReference; lastKnownFileType = "wrapper.plug-in"; path = baiduNaviSDK.bundle; sourceTree = "<group>"; };
		42247D641D781EFB0096DE3D /* BNCommonDef.h */ = {isa = PBXFileReference; fileEncoding = 4; lastKnownFileType = sourcecode.c.h; path = BNCommonDef.h; sourceTree = "<group>"; };
		42247D651D781EFB0096DE3D /* BNCoreServices.h */ = {isa = PBXFileReference; fileEncoding = 4; lastKnownFileType = sourcecode.c.h; path = BNCoreServices.h; sourceTree = "<group>"; };
		42247D661D781EFB0096DE3D /* BNLocation.h */ = {isa = PBXFileReference; fileEncoding = 4; lastKnownFileType = sourcecode.c.h; path = BNLocation.h; sourceTree = "<group>"; };
		42247D671D781EFB0096DE3D /* BNLocationManagerProtocol.h */ = {isa = PBXFileReference; fileEncoding = 4; lastKnownFileType = sourcecode.c.h; path = BNLocationManagerProtocol.h; sourceTree = "<group>"; };
		42247D681D781EFB0096DE3D /* BNRoutePlanManagerProtocol.h */ = {isa = PBXFileReference; fileEncoding = 4; lastKnownFileType = sourcecode.c.h; path = BNRoutePlanManagerProtocol.h; sourceTree = "<group>"; };
		42247D691D781EFB0096DE3D /* BNRoutePlanModel.h */ = {isa = PBXFileReference; fileEncoding = 4; lastKnownFileType = sourcecode.c.h; path = BNRoutePlanModel.h; sourceTree = "<group>"; };
		42247D6A1D781EFB0096DE3D /* BNStrategyManagerProtocol.h */ = {isa = PBXFileReference; fileEncoding = 4; lastKnownFileType = sourcecode.c.h; path = BNStrategyManagerProtocol.h; sourceTree = "<group>"; };
		42247D6B1D781EFB0096DE3D /* BNUIManagerProtocol.h */ = {isa = PBXFileReference; fileEncoding = 4; lastKnownFileType = sourcecode.c.h; path = BNUIManagerProtocol.h; sourceTree = "<group>"; };
		42247D6C1D7824A70096DE3D /* libbaiduNaviSDK_arm64.a */ = {isa = PBXFileReference; lastKnownFileType = archive.ar; path = libbaiduNaviSDK_arm64.a; sourceTree = "<group>"; };
		42247D6D1D7824A70096DE3D /* libbaiduNaviSDK_armv7.a */ = {isa = PBXFileReference; lastKnownFileType = archive.ar; path = libbaiduNaviSDK_armv7.a; sourceTree = "<group>"; };
		42247D6E1D7824A70096DE3D /* libbaiduNaviSDK_i386.a */ = {isa = PBXFileReference; lastKnownFileType = archive.ar; path = libbaiduNaviSDK_i386.a; sourceTree = "<group>"; };
		42247D6F1D7824A70096DE3D /* libbaiduNaviSDK_x86_64.a */ = {isa = PBXFileReference; lastKnownFileType = archive.ar; path = libbaiduNaviSDK_x86_64.a; sourceTree = "<group>"; };
		427260461D9B9AA800B941CF /* AppCanKit.framework */ = {isa = PBXFileReference; lastKnownFileType = wrapper.framework; path = AppCanKit.framework; sourceTree = "<group>"; };
		42FAB2721B9E6E8200AD59E9 /* libuexBaiduNavi.a */ = {isa = PBXFileReference; explicitFileType = archive.ar; includeInIndex = 0; path = libuexBaiduNavi.a; sourceTree = BUILT_PRODUCTS_DIR; };
		42FAB2921B9E6ED200AD59E9 /* AppCanPlugin-Prefix.pch */ = {isa = PBXFileReference; fileEncoding = 4; lastKnownFileType = sourcecode.c.h; path = "AppCanPlugin-Prefix.pch"; sourceTree = "<group>"; };
		42FAB2A31B9E6EE200AD59E9 /* EUExBaiduNavi.h */ = {isa = PBXFileReference; fileEncoding = 4; lastKnownFileType = sourcecode.c.h; path = EUExBaiduNavi.h; sourceTree = "<group>"; };
		42FAB2A41B9E6EE200AD59E9 /* EUExBaiduNavi.m */ = {isa = PBXFileReference; fileEncoding = 4; lastKnownFileType = sourcecode.c.objc; path = EUExBaiduNavi.m; sourceTree = "<group>"; };
/* End PBXFileReference section */

/* Begin PBXFrameworksBuildPhase section */
		42FAB26F1B9E6E8200AD59E9 /* Frameworks */ = {
			isa = PBXFrameworksBuildPhase;
			buildActionMask = 2147483647;
			files = (
				42247D711D7824A70096DE3D /* libbaiduNaviSDK_armv7.a in Frameworks */,
				42247D731D7824A70096DE3D /* libbaiduNaviSDK_x86_64.a in Frameworks */,
				42247D721D7824A70096DE3D /* libbaiduNaviSDK_i386.a in Frameworks */,
				42247D701D7824A70096DE3D /* libbaiduNaviSDK_arm64.a in Frameworks */,
				427260471D9B9AA800B941CF /* AppCanKit.framework in Frameworks */,
			);
			runOnlyForDeploymentPostprocessing = 0;
		};
/* End PBXFrameworksBuildPhase section */

/* Begin PBXGroup section */
		42247D631D781EFB0096DE3D /* inc */ = {
			isa = PBXGroup;
			children = (
				42247D641D781EFB0096DE3D /* BNCommonDef.h */,
				42247D651D781EFB0096DE3D /* BNCoreServices.h */,
				42247D661D781EFB0096DE3D /* BNLocation.h */,
				42247D671D781EFB0096DE3D /* BNLocationManagerProtocol.h */,
				42247D681D781EFB0096DE3D /* BNRoutePlanManagerProtocol.h */,
				42247D691D781EFB0096DE3D /* BNRoutePlanModel.h */,
				42247D6A1D781EFB0096DE3D /* BNStrategyManagerProtocol.h */,
				42247D6B1D781EFB0096DE3D /* BNUIManagerProtocol.h */,
			);
			path = inc;
			sourceTree = "<group>";
		};
		42FAB2691B9E6E8200AD59E9 = {
			isa = PBXGroup;
			children = (
				42FAB2741B9E6E8200AD59E9 /* EUExBaiduNavi */,
				42FAB2731B9E6E8200AD59E9 /* Products */,
			);
			sourceTree = "<group>";
		};
		42FAB2731B9E6E8200AD59E9 /* Products */ = {
			isa = PBXGroup;
			children = (
				42FAB2721B9E6E8200AD59E9 /* libuexBaiduNavi.a */,
			);
			name = Products;
			sourceTree = "<group>";
		};
		42FAB2741B9E6E8200AD59E9 /* EUExBaiduNavi */ = {
			isa = PBXGroup;
			children = (
				42FAB2911B9E6ED200AD59E9 /* sourceCode */,
				42FAB2A31B9E6EE200AD59E9 /* EUExBaiduNavi.h */,
				42FAB2A41B9E6EE200AD59E9 /* EUExBaiduNavi.m */,
			);
			path = EUExBaiduNavi;
			sourceTree = "<group>";
		};
		42FAB2911B9E6ED200AD59E9 /* sourceCode */ = {
			isa = PBXGroup;
			children = (
				427260461D9B9AA800B941CF /* AppCanKit.framework */,
				42247D631D781EFB0096DE3D /* inc */,
				42FAB2A71B9E70BD00AD59E9 /* BaiduNaviSDK */,
				42FAB2921B9E6ED200AD59E9 /* AppCanPlugin-Prefix.pch */,
			);
			path = sourceCode;
			sourceTree = "<group>";
		};
		42FAB2A71B9E70BD00AD59E9 /* BaiduNaviSDK */ = {
			isa = PBXGroup;
			children = (
				42247D6C1D7824A70096DE3D /* libbaiduNaviSDK_arm64.a */,
				42247D6D1D7824A70096DE3D /* libbaiduNaviSDK_armv7.a */,
				42247D6E1D7824A70096DE3D /* libbaiduNaviSDK_i386.a */,
				42247D6F1D7824A70096DE3D /* libbaiduNaviSDK_x86_64.a */,
				3C06E5F91D012C4E00C7F84F /* baiduNaviSDK.bundle */,
			);
			path = BaiduNaviSDK;
			sourceTree = "<group>";
		};
/* End PBXGroup section */

/* Begin PBXNativeTarget section */
		42FAB2711B9E6E8200AD59E9 /* EUExBaiduNavi */ = {
			isa = PBXNativeTarget;
			buildConfigurationList = 42FAB2861B9E6E8200AD59E9 /* Build configuration list for PBXNativeTarget "EUExBaiduNavi" */;
			buildPhases = (
				42FAB26E1B9E6E8200AD59E9 /* Sources */,
				42FAB26F1B9E6E8200AD59E9 /* Frameworks */,
				42FAB2701B9E6E8200AD59E9 /* CopyFiles */,
			);
			buildRules = (
			);
			dependencies = (
			);
			name = EUExBaiduNavi;
			productName = EUExBaiduNavi;
			productReference = 42FAB2721B9E6E8200AD59E9 /* libuexBaiduNavi.a */;
			productType = "com.apple.product-type.library.static";
		};
/* End PBXNativeTarget section */

/* Begin PBXProject section */
		42FAB26A1B9E6E8200AD59E9 /* Project object */ = {
			isa = PBXProject;
			attributes = {
				LastUpgradeCheck = 0640;
				ORGANIZATIONNAME = AppCan;
				TargetAttributes = {
					42FAB2711B9E6E8200AD59E9 = {
						CreatedOnToolsVersion = 6.4;
					};
				};
			};
			buildConfigurationList = 42FAB26D1B9E6E8200AD59E9 /* Build configuration list for PBXProject "EUExBaiduNavi" */;
			compatibilityVersion = "Xcode 3.2";
			developmentRegion = English;
			hasScannedForEncodings = 0;
			knownRegions = (
				en,
			);
			mainGroup = 42FAB2691B9E6E8200AD59E9;
			productRefGroup = 42FAB2731B9E6E8200AD59E9 /* Products */;
			projectDirPath = "";
			projectRoot = "";
			targets = (
				42FAB2711B9E6E8200AD59E9 /* EUExBaiduNavi */,
			);
		};
/* End PBXProject section */

/* Begin PBXSourcesBuildPhase section */
		42FAB26E1B9E6E8200AD59E9 /* Sources */ = {
			isa = PBXSourcesBuildPhase;
			buildActionMask = 2147483647;
			files = (
				42FAB2A51B9E6EE200AD59E9 /* EUExBaiduNavi.m in Sources */,
			);
			runOnlyForDeploymentPostprocessing = 0;
		};
/* End PBXSourcesBuildPhase section */

/* Begin XCBuildConfiguration section */
		42FAB2841B9E6E8200AD59E9 /* Debug */ = {
			isa = XCBuildConfiguration;
			buildSettings = {
				ALWAYS_SEARCH_USER_PATHS = NO;
				CLANG_CXX_LANGUAGE_STANDARD = "gnu++0x";
				CLANG_CXX_LIBRARY = "libc++";
				CLANG_ENABLE_MODULES = YES;
				CLANG_ENABLE_OBJC_ARC = YES;
				CLANG_WARN_BOOL_CONVERSION = YES;
				CLANG_WARN_CONSTANT_CONVERSION = YES;
				CLANG_WARN_DIRECT_OBJC_ISA_USAGE = YES_ERROR;
				CLANG_WARN_EMPTY_BODY = YES;
				CLANG_WARN_ENUM_CONVERSION = YES;
				CLANG_WARN_INT_CONVERSION = YES;
				CLANG_WARN_OBJC_ROOT_CLASS = YES_ERROR;
				CLANG_WARN_UNREACHABLE_CODE = YES;
				CLANG_WARN__DUPLICATE_METHOD_MATCH = YES;
				CONFIGURATION_BUILD_DIR = $SRCROOT/uexBaiduNavi;
				COPY_PHASE_STRIP = NO;
				DEBUG_INFORMATION_FORMAT = "dwarf-with-dsym";
				ENABLE_STRICT_OBJC_MSGSEND = YES;
				GCC_C_LANGUAGE_STANDARD = gnu99;
				GCC_DYNAMIC_NO_PIC = NO;
				GCC_NO_COMMON_BLOCKS = YES;
				GCC_OPTIMIZATION_LEVEL = 0;
				GCC_PRECOMPILE_PREFIX_HEADER = YES;
				GCC_PREFIX_HEADER = "$SRCROOT/EUExBaiduNavi/sourceCode/AppCanPlugin-Prefix.pch";
				GCC_PREPROCESSOR_DEFINITIONS = (
					"DEBUG=1",
					"$(inherited)",
				);
				GCC_SYMBOLS_PRIVATE_EXTERN = NO;
				GCC_WARN_64_TO_32_BIT_CONVERSION = YES;
				GCC_WARN_ABOUT_RETURN_TYPE = YES_ERROR;
				GCC_WARN_UNDECLARED_SELECTOR = YES;
				GCC_WARN_UNINITIALIZED_AUTOS = YES_AGGRESSIVE;
				GCC_WARN_UNUSED_FUNCTION = YES;
				GCC_WARN_UNUSED_VARIABLE = YES;
				IPHONEOS_DEPLOYMENT_TARGET = 8.4;
				MTL_ENABLE_DEBUG_INFO = YES;
				ONLY_ACTIVE_ARCH = YES;
				SDKROOT = iphoneos;
				VALID_ARCHS = "arm64 armv7";
			};
			name = Debug;
		};
		42FAB2851B9E6E8200AD59E9 /* Release */ = {
			isa = XCBuildConfiguration;
			buildSettings = {
				ALWAYS_SEARCH_USER_PATHS = NO;
				CLANG_CXX_LANGUAGE_STANDARD = "gnu++0x";
				CLANG_CXX_LIBRARY = "libc++";
				CLANG_ENABLE_MODULES = YES;
				CLANG_ENABLE_OBJC_ARC = YES;
				CLANG_WARN_BOOL_CONVERSION = YES;
				CLANG_WARN_CONSTANT_CONVERSION = YES;
				CLANG_WARN_DIRECT_OBJC_ISA_USAGE = YES_ERROR;
				CLANG_WARN_EMPTY_BODY = YES;
				CLANG_WARN_ENUM_CONVERSION = YES;
				CLANG_WARN_INT_CONVERSION = YES;
				CLANG_WARN_OBJC_ROOT_CLASS = YES_ERROR;
				CLANG_WARN_UNREACHABLE_CODE = YES;
				CLANG_WARN__DUPLICATE_METHOD_MATCH = YES;
				CONFIGURATION_BUILD_DIR = $SRCROOT/uexBaiduNavi;
				COPY_PHASE_STRIP = NO;
				DEBUG_INFORMATION_FORMAT = "dwarf-with-dsym";
				ENABLE_NS_ASSERTIONS = NO;
				ENABLE_STRICT_OBJC_MSGSEND = YES;
				GCC_C_LANGUAGE_STANDARD = gnu99;
				GCC_NO_COMMON_BLOCKS = YES;
				GCC_PRECOMPILE_PREFIX_HEADER = YES;
				GCC_PREFIX_HEADER = "$SRCROOT/EUExBaiduNavi/sourceCode/AppCanPlugin-Prefix.pch";
				GCC_WARN_64_TO_32_BIT_CONVERSION = YES;
				GCC_WARN_ABOUT_RETURN_TYPE = YES_ERROR;
				GCC_WARN_UNDECLARED_SELECTOR = YES;
				GCC_WARN_UNINITIALIZED_AUTOS = YES_AGGRESSIVE;
				GCC_WARN_UNUSED_FUNCTION = YES;
				GCC_WARN_UNUSED_VARIABLE = YES;
				IPHONEOS_DEPLOYMENT_TARGET = 8.4;
				MTL_ENABLE_DEBUG_INFO = NO;
				SDKROOT = iphoneos;
				VALIDATE_PRODUCT = YES;
				VALID_ARCHS = "arm64 armv7";
			};
			name = Release;
		};
		42FAB2871B9E6E8200AD59E9 /* Debug */ = {
			isa = XCBuildConfiguration;
			buildSettings = {
				CLANG_CXX_LANGUAGE_STANDARD = "compiler-default";
				CLANG_CXX_LIBRARY = "compiler-default";
				FRAMEWORK_SEARCH_PATHS = (
					"$(inherited)",
					"$(PROJECT_DIR)/EUExBaiduNavi",
					"$(PROJECT_DIR)/EUExBaiduNavi/sourceCode",
				);
				LIBRARY_SEARCH_PATHS = (
					"$(inherited)",
					"$(PROJECT_DIR)/EUExBaiduNavi/sourceCode/BaiduNaviSDK/BaiduStatistics",
					"$(PROJECT_DIR)/EUExBaiduNavi/sourceCode/BaiduNaviSDK",
				);
				ONLY_ACTIVE_ARCH = NO;
				OTHER_LDFLAGS = "-ObjC";
				PRODUCT_NAME = uexBaiduNavi;
				SKIP_INSTALL = YES;
			};
			name = Debug;
		};
		42FAB2881B9E6E8200AD59E9 /* Release */ = {
			isa = XCBuildConfiguration;
			buildSettings = {
				CLANG_CXX_LANGUAGE_STANDARD = "compiler-default";
				CLANG_CXX_LIBRARY = "compiler-default";
				FRAMEWORK_SEARCH_PATHS = (
					"$(inherited)",
					"$(PROJECT_DIR)/EUExBaiduNavi",
					"$(PROJECT_DIR)/EUExBaiduNavi/sourceCode",
				);
				LIBRARY_SEARCH_PATHS = (
					"$(inherited)",
					"$(PROJECT_DIR)/EUExBaiduNavi/sourceCode/BaiduNaviSDK/BaiduStatistics",
					"$(PROJECT_DIR)/EUExBaiduNavi/sourceCode/BaiduNaviSDK",
				);
				ONLY_ACTIVE_ARCH = NO;
				OTHER_LDFLAGS = "-ObjC";
				PRODUCT_NAME = uexBaiduNavi;
				SKIP_INSTALL = YES;
			};
			name = Release;
		};
/* End XCBuildConfiguration section */

/* Begin XCConfigurationList section */
		42FAB26D1B9E6E8200AD59E9 /* Build configuration list for PBXProject "EUExBaiduNavi" */ = {
			isa = XCConfigurationList;
			buildConfigurations = (
				42FAB2841B9E6E8200AD59E9 /* Debug */,
				42FAB2851B9E6E8200AD59E9 /* Release */,
			);
			defaultConfigurationIsVisible = 0;
			defaultConfigurationName = Release;
		};
		42FAB2861B9E6E8200AD59E9 /* Build configuration list for PBXNativeTarget "EUExBaiduNavi" */ = {
			isa = XCConfigurationList;
			buildConfigurations = (
				42FAB2871B9E6E8200AD59E9 /* Debug */,
				42FAB2881B9E6E8200AD59E9 /* Release */,
			);
			defaultConfigurationIsVisible = 0;
			defaultConfigurationName = Release;
		};
/* End XCConfigurationList section */
	};
	rootObject = 42FAB26A1B9E6E8200AD59E9 /* Project object */;
}
