// !$*UTF8*$!
{
	archiveVersion = 1;
	classes = {
	};
	objectVersion = 46;
	objects = {

/* Begin PBXBuildFile section */
		4257CE7C1BA01755006F15B7 /* libbaiduNaviSDK_arm64.a in Frameworks */ = {isa = PBXBuildFile; fileRef = 4257CE781BA01755006F15B7 /* libbaiduNaviSDK_arm64.a */; };
		4257CE7D1BA01755006F15B7 /* libbaiduNaviSDK_armv7.a in Frameworks */ = {isa = PBXBuildFile; fileRef = 4257CE791BA01755006F15B7 /* libbaiduNaviSDK_armv7.a */; };
		4257CE7E1BA01755006F15B7 /* libbaiduNaviSDK_i386.a in Frameworks */ = {isa = PBXBuildFile; fileRef = 4257CE7A1BA01755006F15B7 /* libbaiduNaviSDK_i386.a */; };
		4257CE7F1BA01755006F15B7 /* libbaiduNaviSDK_x86_64.a in Frameworks */ = {isa = PBXBuildFile; fileRef = 4257CE7B1BA01755006F15B7 /* libbaiduNaviSDK_x86_64.a */; };
		42FAB2A51B9E6EE200AD59E9 /* EUExBaiduNavi.m in Sources */ = {isa = PBXBuildFile; fileRef = 42FAB2A41B9E6EE200AD59E9 /* EUExBaiduNavi.m */; };
		42FAB2D91B9E70BD00AD59E9 /* libBaiduMobStatForSDK.a in Frameworks */ = {isa = PBXBuildFile; fileRef = 42FAB2AC1B9E70BD00AD59E9 /* libBaiduMobStatForSDK.a */; };
		42FAB2DC1B9E70BD00AD59E9 /* CJSONDeserializer_BlocksExtensions.m in Sources */ = {isa = PBXBuildFile; fileRef = 42FAB2B41B9E70BD00AD59E9 /* CJSONDeserializer_BlocksExtensions.m */; settings = {COMPILER_FLAGS = "-fno-objc-arc"; }; };
		42FAB2DF1B9E70BD00AD59E9 /* CDataScanner_Extensions.m in Sources */ = {isa = PBXBuildFile; fileRef = 42FAB2BB1B9E70BD00AD59E9 /* CDataScanner_Extensions.m */; settings = {COMPILER_FLAGS = "-fno-objc-arc"; }; };
		42FAB2E01B9E70BD00AD59E9 /* NSCharacterSet_Extensions.m in Sources */ = {isa = PBXBuildFile; fileRef = 42FAB2BD1B9E70BD00AD59E9 /* NSCharacterSet_Extensions.m */; settings = {COMPILER_FLAGS = "-fno-objc-arc"; }; };
		42FAB2E11B9E70BD00AD59E9 /* NSDictionary_JSONExtensions.m in Sources */ = {isa = PBXBuildFile; fileRef = 42FAB2BF1B9E70BD00AD59E9 /* NSDictionary_JSONExtensions.m */; settings = {COMPILER_FLAGS = "-fno-objc-arc"; }; };
		42FAB2E21B9E70BD00AD59E9 /* NSScanner_Extensions.m in Sources */ = {isa = PBXBuildFile; fileRef = 42FAB2C11B9E70BD00AD59E9 /* NSScanner_Extensions.m */; settings = {COMPILER_FLAGS = "-fno-objc-arc"; }; };
/* End PBXBuildFile section */

/* Begin PBXCopyFilesBuildPhase section */
		42FAB2701B9E6E8200AD59E9 /* CopyFiles */ = {
			isa = PBXCopyFilesBuildPhase;
			buildActionMask = 2147483647;
			dstPath = "include/$(PRODUCT_NAME)";
			dstSubfolderSpec = 16;
			files = (
			);
			runOnlyForDeploymentPostprocessing = 0;
		};
/* End PBXCopyFilesBuildPhase section */

/* Begin PBXFileReference section */
		4257CE781BA01755006F15B7 /* libbaiduNaviSDK_arm64.a */ = {isa = PBXFileReference; lastKnownFileType = archive.ar; path = libbaiduNaviSDK_arm64.a; sourceTree = "<group>"; };
		4257CE791BA01755006F15B7 /* libbaiduNaviSDK_armv7.a */ = {isa = PBXFileReference; lastKnownFileType = archive.ar; path = libbaiduNaviSDK_armv7.a; sourceTree = "<group>"; };
		4257CE7A1BA01755006F15B7 /* libbaiduNaviSDK_i386.a */ = {isa = PBXFileReference; lastKnownFileType = archive.ar; path = libbaiduNaviSDK_i386.a; sourceTree = "<group>"; };
		4257CE7B1BA01755006F15B7 /* libbaiduNaviSDK_x86_64.a */ = {isa = PBXFileReference; lastKnownFileType = archive.ar; path = libbaiduNaviSDK_x86_64.a; sourceTree = "<group>"; };
		42FAB2721B9E6E8200AD59E9 /* libuexBaiduNavi.a */ = {isa = PBXFileReference; explicitFileType = archive.ar; includeInIndex = 0; path = libuexBaiduNavi.a; sourceTree = BUILT_PRODUCTS_DIR; };
		42FAB28D1B9E6ED200AD59E9 /* EUExBase.h */ = {isa = PBXFileReference; fileEncoding = 4; lastKnownFileType = sourcecode.c.h; path = EUExBase.h; sourceTree = "<group>"; };
		42FAB28E1B9E6ED200AD59E9 /* EUExBaseDefine.h */ = {isa = PBXFileReference; fileEncoding = 4; lastKnownFileType = sourcecode.c.h; path = EUExBaseDefine.h; sourceTree = "<group>"; };
		42FAB28F1B9E6ED200AD59E9 /* EUtility.h */ = {isa = PBXFileReference; fileEncoding = 4; lastKnownFileType = sourcecode.c.h; path = EUtility.h; sourceTree = "<group>"; };
		42FAB2901B9E6ED200AD59E9 /* WidgetOneDelegate.h */ = {isa = PBXFileReference; fileEncoding = 4; lastKnownFileType = sourcecode.c.h; path = WidgetOneDelegate.h; sourceTree = "<group>"; };
		42FAB2921B9E6ED200AD59E9 /* AppCanPlugin-Prefix.pch */ = {isa = PBXFileReference; fileEncoding = 4; lastKnownFileType = sourcecode.c.h; path = "AppCanPlugin-Prefix.pch"; sourceTree = "<group>"; };
		42FAB2961B9E6ED200AD59E9 /* JSON.h */ = {isa = PBXFileReference; fileEncoding = 4; lastKnownFileType = sourcecode.c.h; path = JSON.h; sourceTree = "<group>"; };
		42FAB2971B9E6ED200AD59E9 /* JSONParser.h */ = {isa = PBXFileReference; fileEncoding = 4; lastKnownFileType = sourcecode.c.h; path = JSONParser.h; sourceTree = "<group>"; };
		42FAB2981B9E6ED200AD59E9 /* NSObject+SBJSON.h */ = {isa = PBXFileReference; fileEncoding = 4; lastKnownFileType = sourcecode.c.h; path = "NSObject+SBJSON.h"; sourceTree = "<group>"; };
		42FAB2991B9E6ED200AD59E9 /* NSString+SBJSON.h */ = {isa = PBXFileReference; fileEncoding = 4; lastKnownFileType = sourcecode.c.h; path = "NSString+SBJSON.h"; sourceTree = "<group>"; };
		42FAB29A1B9E6ED200AD59E9 /* SBJSON.h */ = {isa = PBXFileReference; fileEncoding = 4; lastKnownFileType = sourcecode.c.h; path = SBJSON.h; sourceTree = "<group>"; };
		42FAB29B1B9E6ED200AD59E9 /* SBJsonBase.h */ = {isa = PBXFileReference; fileEncoding = 4; lastKnownFileType = sourcecode.c.h; path = SBJsonBase.h; sourceTree = "<group>"; };
		42FAB29C1B9E6ED200AD59E9 /* SBJsonParser.h */ = {isa = PBXFileReference; fileEncoding = 4; lastKnownFileType = sourcecode.c.h; path = SBJsonParser.h; sourceTree = "<group>"; };
		42FAB29D1B9E6ED200AD59E9 /* SBJsonWriter.h */ = {isa = PBXFileReference; fileEncoding = 4; lastKnownFileType = sourcecode.c.h; path = SBJsonWriter.h; sourceTree = "<group>"; };
		42FAB2A31B9E6EE200AD59E9 /* EUExBaiduNavi.h */ = {isa = PBXFileReference; fileEncoding = 4; lastKnownFileType = sourcecode.c.h; path = EUExBaiduNavi.h; sourceTree = "<group>"; };
		42FAB2A41B9E6EE200AD59E9 /* EUExBaiduNavi.m */ = {isa = PBXFileReference; fileEncoding = 4; lastKnownFileType = sourcecode.c.objc; path = EUExBaiduNavi.m; sourceTree = "<group>"; };
		42FAB2A81B9E70BD00AD59E9 /* baiduNaviSDK.bundle */ = {isa = PBXFileReference; lastKnownFileType = "wrapper.plug-in"; path = baiduNaviSDK.bundle; sourceTree = "<group>"; };
		42FAB2AA1B9E70BD00AD59E9 /* BaiduMobStat.h */ = {isa = PBXFileReference; fileEncoding = 4; lastKnownFileType = sourcecode.c.h; path = BaiduMobStat.h; sourceTree = "<group>"; };
		42FAB2AB1B9E70BD00AD59E9 /* BaiduMobStatForSDK.h */ = {isa = PBXFileReference; fileEncoding = 4; lastKnownFileType = sourcecode.c.h; path = BaiduMobStatForSDK.h; sourceTree = "<group>"; };
		42FAB2AC1B9E70BD00AD59E9 /* libBaiduMobStatForSDK.a */ = {isa = PBXFileReference; lastKnownFileType = archive.ar; path = libBaiduMobStatForSDK.a; sourceTree = "<group>"; };
		42FAB2AE1B9E70BD00AD59E9 /* CDataScanner.h */ = {isa = PBXFileReference; fileEncoding = 4; lastKnownFileType = sourcecode.c.h; path = CDataScanner.h; sourceTree = "<group>"; };
		42FAB2B11B9E70BD00AD59E9 /* CFilteringJSONSerializer.h */ = {isa = PBXFileReference; fileEncoding = 4; lastKnownFileType = sourcecode.c.h; path = CFilteringJSONSerializer.h; sourceTree = "<group>"; };
		42FAB2B31B9E70BD00AD59E9 /* CJSONDeserializer_BlocksExtensions.h */ = {isa = PBXFileReference; fileEncoding = 4; lastKnownFileType = sourcecode.c.h; path = CJSONDeserializer_BlocksExtensions.h; sourceTree = "<group>"; };
		42FAB2B41B9E70BD00AD59E9 /* CJSONDeserializer_BlocksExtensions.m */ = {isa = PBXFileReference; fileEncoding = 4; lastKnownFileType = sourcecode.c.objc; path = CJSONDeserializer_BlocksExtensions.m; sourceTree = "<group>"; };
		42FAB2B51B9E70BD00AD59E9 /* CJSONSerialization.h */ = {isa = PBXFileReference; fileEncoding = 4; lastKnownFileType = sourcecode.c.h; path = CJSONSerialization.h; sourceTree = "<group>"; };
		42FAB2B71B9E70BD00AD59E9 /* CJSONSerializedData.h */ = {isa = PBXFileReference; fileEncoding = 4; lastKnownFileType = sourcecode.c.h; path = CJSONSerializedData.h; sourceTree = "<group>"; };
		42FAB2BA1B9E70BD00AD59E9 /* CDataScanner_Extensions.h */ = {isa = PBXFileReference; fileEncoding = 4; lastKnownFileType = sourcecode.c.h; path = CDataScanner_Extensions.h; sourceTree = "<group>"; };
		42FAB2BB1B9E70BD00AD59E9 /* CDataScanner_Extensions.m */ = {isa = PBXFileReference; fileEncoding = 4; lastKnownFileType = sourcecode.c.objc; path = CDataScanner_Extensions.m; sourceTree = "<group>"; };
		42FAB2BC1B9E70BD00AD59E9 /* NSCharacterSet_Extensions.h */ = {isa = PBXFileReference; fileEncoding = 4; lastKnownFileType = sourcecode.c.h; path = NSCharacterSet_Extensions.h; sourceTree = "<group>"; };
		42FAB2BD1B9E70BD00AD59E9 /* NSCharacterSet_Extensions.m */ = {isa = PBXFileReference; fileEncoding = 4; lastKnownFileType = sourcecode.c.objc; path = NSCharacterSet_Extensions.m; sourceTree = "<group>"; };
		42FAB2BE1B9E70BD00AD59E9 /* NSDictionary_JSONExtensions.h */ = {isa = PBXFileReference; fileEncoding = 4; lastKnownFileType = sourcecode.c.h; path = NSDictionary_JSONExtensions.h; sourceTree = "<group>"; };
		42FAB2BF1B9E70BD00AD59E9 /* NSDictionary_JSONExtensions.m */ = {isa = PBXFileReference; fileEncoding = 4; lastKnownFileType = sourcecode.c.objc; path = NSDictionary_JSONExtensions.m; sourceTree = "<group>"; };
		42FAB2C01B9E70BD00AD59E9 /* NSScanner_Extensions.h */ = {isa = PBXFileReference; fileEncoding = 4; lastKnownFileType = sourcecode.c.h; path = NSScanner_Extensions.h; sourceTree = "<group>"; };
		42FAB2C11B9E70BD00AD59E9 /* NSScanner_Extensions.m */ = {isa = PBXFileReference; fileEncoding = 4; lastKnownFileType = sourcecode.c.objc; path = NSScanner_Extensions.m; sourceTree = "<group>"; };
		42FAB2C31B9E70BD00AD59E9 /* CJSONDataSerializer.h */ = {isa = PBXFileReference; fileEncoding = 4; lastKnownFileType = sourcecode.c.h; path = CJSONDataSerializer.h; sourceTree = "<group>"; };
		42FAB2C51B9E70BD00AD59E9 /* CJSONDeserializer.h */ = {isa = PBXFileReference; fileEncoding = 4; lastKnownFileType = sourcecode.c.h; path = CJSONDeserializer.h; sourceTree = "<group>"; };
		42FAB2C71B9E70BD00AD59E9 /* CJSONScanner.h */ = {isa = PBXFileReference; fileEncoding = 4; lastKnownFileType = sourcecode.c.h; path = CJSONScanner.h; sourceTree = "<group>"; };
		42FAB2C91B9E70BD00AD59E9 /* CJSONSerializer.h */ = {isa = PBXFileReference; fileEncoding = 4; lastKnownFileType = sourcecode.c.h; path = CJSONSerializer.h; sourceTree = "<group>"; };
		42FAB2CB1B9E70BD00AD59E9 /* CSerializedJSONData.h */ = {isa = PBXFileReference; fileEncoding = 4; lastKnownFileType = sourcecode.c.h; path = CSerializedJSONData.h; sourceTree = "<group>"; };
		42FAB2CD1B9E70BD00AD59E9 /* JSONRepresentation.h */ = {isa = PBXFileReference; fileEncoding = 4; lastKnownFileType = sourcecode.c.h; path = JSONRepresentation.h; sourceTree = "<group>"; };
		42FAB2CF1B9E70BD00AD59E9 /* BNCommonDef.h */ = {isa = PBXFileReference; fileEncoding = 4; lastKnownFileType = sourcecode.c.h; path = BNCommonDef.h; sourceTree = "<group>"; };
		42FAB2D01B9E70BD00AD59E9 /* BNCoreServices.h */ = {isa = PBXFileReference; fileEncoding = 4; lastKnownFileType = sourcecode.c.h; path = BNCoreServices.h; sourceTree = "<group>"; };
		42FAB2D11B9E70BD00AD59E9 /* BNLocation.h */ = {isa = PBXFileReference; fileEncoding = 4; lastKnownFileType = sourcecode.c.h; path = BNLocation.h; sourceTree = "<group>"; };
		42FAB2D21B9E70BD00AD59E9 /* BNLocationManagerProtocol.h */ = {isa = PBXFileReference; fileEncoding = 4; lastKnownFileType = sourcecode.c.h; path = BNLocationManagerProtocol.h; sourceTree = "<group>"; };
		42FAB2D31B9E70BD00AD59E9 /* BNRoutePlanManagerProtocol.h */ = {isa = PBXFileReference; fileEncoding = 4; lastKnownFileType = sourcecode.c.h; path = BNRoutePlanManagerProtocol.h; sourceTree = "<group>"; };
		42FAB2D41B9E70BD00AD59E9 /* BNRoutePlanModel.h */ = {isa = PBXFileReference; fileEncoding = 4; lastKnownFileType = sourcecode.c.h; path = BNRoutePlanModel.h; sourceTree = "<group>"; };
		42FAB2D51B9E70BD00AD59E9 /* BNSoundEventProtocol.h */ = {isa = PBXFileReference; fileEncoding = 4; lastKnownFileType = sourcecode.c.h; path = BNSoundEventProtocol.h; sourceTree = "<group>"; };
		42FAB2D61B9E70BD00AD59E9 /* BNStrategyManagerProtocol.h */ = {isa = PBXFileReference; fileEncoding = 4; lastKnownFileType = sourcecode.c.h; path = BNStrategyManagerProtocol.h; sourceTree = "<group>"; };
		42FAB2D71B9E70BD00AD59E9 /* BNUIManagerProtocol.h */ = {isa = PBXFileReference; fileEncoding = 4; lastKnownFileType = sourcecode.c.h; path = BNUIManagerProtocol.h; sourceTree = "<group>"; };
/* End PBXFileReference section */

/* Begin PBXFrameworksBuildPhase section */
		42FAB26F1B9E6E8200AD59E9 /* Frameworks */ = {
			isa = PBXFrameworksBuildPhase;
			buildActionMask = 2147483647;
			files = (
				4257CE7E1BA01755006F15B7 /* libbaiduNaviSDK_i386.a in Frameworks */,
				4257CE7C1BA01755006F15B7 /* libbaiduNaviSDK_arm64.a in Frameworks */,
				4257CE7F1BA01755006F15B7 /* libbaiduNaviSDK_x86_64.a in Frameworks */,
				4257CE7D1BA01755006F15B7 /* libbaiduNaviSDK_armv7.a in Frameworks */,
				42FAB2D91B9E70BD00AD59E9 /* libBaiduMobStatForSDK.a in Frameworks */,
			);
			runOnlyForDeploymentPostprocessing = 0;
		};
/* End PBXFrameworksBuildPhase section */

/* Begin PBXGroup section */
		42FAB2691B9E6E8200AD59E9 = {
			isa = PBXGroup;
			children = (
				42FAB2741B9E6E8200AD59E9 /* EUExBaiduNavi */,
				42FAB2731B9E6E8200AD59E9 /* Products */,
			);
			sourceTree = "<group>";
		};
		42FAB2731B9E6E8200AD59E9 /* Products */ = {
			isa = PBXGroup;
			children = (
				42FAB2721B9E6E8200AD59E9 /* libuexBaiduNavi.a */,
			);
			name = Products;
			sourceTree = "<group>";
		};
		42FAB2741B9E6E8200AD59E9 /* EUExBaiduNavi */ = {
			isa = PBXGroup;
			children = (
				42FAB28C1B9E6ED200AD59E9 /* engineHeader */,
				42FAB2911B9E6ED200AD59E9 /* sourceCode */,
				42FAB2A31B9E6EE200AD59E9 /* EUExBaiduNavi.h */,
				42FAB2A41B9E6EE200AD59E9 /* EUExBaiduNavi.m */,
			);
			path = EUExBaiduNavi;
			sourceTree = "<group>";
		};
		42FAB28C1B9E6ED200AD59E9 /* engineHeader */ = {
			isa = PBXGroup;
			children = (
				42FAB28D1B9E6ED200AD59E9 /* EUExBase.h */,
				42FAB28E1B9E6ED200AD59E9 /* EUExBaseDefine.h */,
				42FAB28F1B9E6ED200AD59E9 /* EUtility.h */,
				42FAB2901B9E6ED200AD59E9 /* WidgetOneDelegate.h */,
			);
			path = engineHeader;
			sourceTree = "<group>";
		};
		42FAB2911B9E6ED200AD59E9 /* sourceCode */ = {
			isa = PBXGroup;
			children = (
				42FAB2A71B9E70BD00AD59E9 /* BaiduNaviSDK */,
				42FAB2921B9E6ED200AD59E9 /* AppCanPlugin-Prefix.pch */,
				42FAB2951B9E6ED200AD59E9 /* JSON */,
			);
			path = sourceCode;
			sourceTree = "<group>";
		};
		42FAB2951B9E6ED200AD59E9 /* JSON */ = {
			isa = PBXGroup;
			children = (
				42FAB2961B9E6ED200AD59E9 /* JSON.h */,
				42FAB2971B9E6ED200AD59E9 /* JSONParser.h */,
				42FAB2981B9E6ED200AD59E9 /* NSObject+SBJSON.h */,
				42FAB2991B9E6ED200AD59E9 /* NSString+SBJSON.h */,
				42FAB29A1B9E6ED200AD59E9 /* SBJSON.h */,
				42FAB29B1B9E6ED200AD59E9 /* SBJsonBase.h */,
				42FAB29C1B9E6ED200AD59E9 /* SBJsonParser.h */,
				42FAB29D1B9E6ED200AD59E9 /* SBJsonWriter.h */,
			);
			path = JSON;
			sourceTree = "<group>";
		};
		42FAB2A71B9E70BD00AD59E9 /* BaiduNaviSDK */ = {
			isa = PBXGroup;
			children = (
				4257CE781BA01755006F15B7 /* libbaiduNaviSDK_arm64.a */,
				4257CE791BA01755006F15B7 /* libbaiduNaviSDK_armv7.a */,
				4257CE7A1BA01755006F15B7 /* libbaiduNaviSDK_i386.a */,
				4257CE7B1BA01755006F15B7 /* libbaiduNaviSDK_x86_64.a */,
				42FAB2A81B9E70BD00AD59E9 /* baiduNaviSDK.bundle */,
				42FAB2A91B9E70BD00AD59E9 /* BaiduStatistics */,
				42FAB2CE1B9E70BD00AD59E9 /* inc */,
			);
			path = BaiduNaviSDK;
			sourceTree = "<group>";
		};
		42FAB2A91B9E70BD00AD59E9 /* BaiduStatistics */ = {
			isa = PBXGroup;
			children = (
				42FAB2AA1B9E70BD00AD59E9 /* BaiduMobStat.h */,
				42FAB2AB1B9E70BD00AD59E9 /* BaiduMobStatForSDK.h */,
				42FAB2AC1B9E70BD00AD59E9 /* libBaiduMobStatForSDK.a */,
				42FAB2AD1B9E70BD00AD59E9 /* TouchJSON */,
			);
			path = BaiduStatistics;
			sourceTree = "<group>";
		};
		42FAB2AD1B9E70BD00AD59E9 /* TouchJSON */ = {
			isa = PBXGroup;
			children = (
				42FAB2AE1B9E70BD00AD59E9 /* CDataScanner.h */,
				42FAB2B01B9E70BD00AD59E9 /* Experimental */,
				42FAB2B91B9E70BD00AD59E9 /* Extensions */,
				42FAB2C21B9E70BD00AD59E9 /* JSON */,
			);
			path = TouchJSON;
			sourceTree = "<group>";
		};
		42FAB2B01B9E70BD00AD59E9 /* Experimental */ = {
			isa = PBXGroup;
			children = (
				42FAB2B11B9E70BD00AD59E9 /* CFilteringJSONSerializer.h */,
				42FAB2B31B9E70BD00AD59E9 /* CJSONDeserializer_BlocksExtensions.h */,
				42FAB2B41B9E70BD00AD59E9 /* CJSONDeserializer_BlocksExtensions.m */,
				42FAB2B51B9E70BD00AD59E9 /* CJSONSerialization.h */,
				42FAB2B71B9E70BD00AD59E9 /* CJSONSerializedData.h */,
			);
			path = Experimental;
			sourceTree = "<group>";
		};
		42FAB2B91B9E70BD00AD59E9 /* Extensions */ = {
			isa = PBXGroup;
			children = (
				42FAB2BA1B9E70BD00AD59E9 /* CDataScanner_Extensions.h */,
				42FAB2BB1B9E70BD00AD59E9 /* CDataScanner_Extensions.m */,
				42FAB2BC1B9E70BD00AD59E9 /* NSCharacterSet_Extensions.h */,
				42FAB2BD1B9E70BD00AD59E9 /* NSCharacterSet_Extensions.m */,
				42FAB2BE1B9E70BD00AD59E9 /* NSDictionary_JSONExtensions.h */,
				42FAB2BF1B9E70BD00AD59E9 /* NSDictionary_JSONExtensions.m */,
				42FAB2C01B9E70BD00AD59E9 /* NSScanner_Extensions.h */,
				42FAB2C11B9E70BD00AD59E9 /* NSScanner_Extensions.m */,
			);
			path = Extensions;
			sourceTree = "<group>";
		};
		42FAB2C21B9E70BD00AD59E9 /* JSON */ = {
			isa = PBXGroup;
			children = (
				42FAB2C31B9E70BD00AD59E9 /* CJSONDataSerializer.h */,
				42FAB2C51B9E70BD00AD59E9 /* CJSONDeserializer.h */,
				42FAB2C71B9E70BD00AD59E9 /* CJSONScanner.h */,
				42FAB2C91B9E70BD00AD59E9 /* CJSONSerializer.h */,
				42FAB2CB1B9E70BD00AD59E9 /* CSerializedJSONData.h */,
				42FAB2CD1B9E70BD00AD59E9 /* JSONRepresentation.h */,
			);
			path = JSON;
			sourceTree = "<group>";
		};
		42FAB2CE1B9E70BD00AD59E9 /* inc */ = {
			isa = PBXGroup;
			children = (
				42FAB2CF1B9E70BD00AD59E9 /* BNCommonDef.h */,
				42FAB2D01B9E70BD00AD59E9 /* BNCoreServices.h */,
				42FAB2D11B9E70BD00AD59E9 /* BNLocation.h */,
				42FAB2D21B9E70BD00AD59E9 /* BNLocationManagerProtocol.h */,
				42FAB2D31B9E70BD00AD59E9 /* BNRoutePlanManagerProtocol.h */,
				42FAB2D41B9E70BD00AD59E9 /* BNRoutePlanModel.h */,
				42FAB2D51B9E70BD00AD59E9 /* BNSoundEventProtocol.h */,
				42FAB2D61B9E70BD00AD59E9 /* BNStrategyManagerProtocol.h */,
				42FAB2D71B9E70BD00AD59E9 /* BNUIManagerProtocol.h */,
			);
			path = inc;
			sourceTree = "<group>";
		};
/* End PBXGroup section */

/* Begin PBXNativeTarget section */
		42FAB2711B9E6E8200AD59E9 /* EUExBaiduNavi */ = {
			isa = PBXNativeTarget;
			buildConfigurationList = 42FAB2861B9E6E8200AD59E9 /* Build configuration list for PBXNativeTarget "EUExBaiduNavi" */;
			buildPhases = (
				42FAB26E1B9E6E8200AD59E9 /* Sources */,
				42FAB26F1B9E6E8200AD59E9 /* Frameworks */,
				42FAB2701B9E6E8200AD59E9 /* CopyFiles */,
			);
			buildRules = (
			);
			dependencies = (
			);
			name = EUExBaiduNavi;
			productName = EUExBaiduNavi;
			productReference = 42FAB2721B9E6E8200AD59E9 /* libuexBaiduNavi.a */;
			productType = "com.apple.product-type.library.static";
		};
/* End PBXNativeTarget section */

/* Begin PBXProject section */
		42FAB26A1B9E6E8200AD59E9 /* Project object */ = {
			isa = PBXProject;
			attributes = {
				LastUpgradeCheck = 0640;
				ORGANIZATIONNAME = AppCan;
				TargetAttributes = {
					42FAB2711B9E6E8200AD59E9 = {
						CreatedOnToolsVersion = 6.4;
					};
				};
			};
			buildConfigurationList = 42FAB26D1B9E6E8200AD59E9 /* Build configuration list for PBXProject "EUExBaiduNavi" */;
			compatibilityVersion = "Xcode 3.2";
			developmentRegion = English;
			hasScannedForEncodings = 0;
			knownRegions = (
				en,
			);
			mainGroup = 42FAB2691B9E6E8200AD59E9;
			productRefGroup = 42FAB2731B9E6E8200AD59E9 /* Products */;
			projectDirPath = "";
			projectRoot = "";
			targets = (
				42FAB2711B9E6E8200AD59E9 /* EUExBaiduNavi */,
			);
		};
/* End PBXProject section */

/* Begin PBXSourcesBuildPhase section */
		42FAB26E1B9E6E8200AD59E9 /* Sources */ = {
			isa = PBXSourcesBuildPhase;
			buildActionMask = 2147483647;
			files = (
				42FAB2DC1B9E70BD00AD59E9 /* CJSONDeserializer_BlocksExtensions.m in Sources */,
				42FAB2E21B9E70BD00AD59E9 /* NSScanner_Extensions.m in Sources */,
				42FAB2E11B9E70BD00AD59E9 /* NSDictionary_JSONExtensions.m in Sources */,
				42FAB2A51B9E6EE200AD59E9 /* EUExBaiduNavi.m in Sources */,
				42FAB2DF1B9E70BD00AD59E9 /* CDataScanner_Extensions.m in Sources */,
				42FAB2E01B9E70BD00AD59E9 /* NSCharacterSet_Extensions.m in Sources */,
			);
			runOnlyForDeploymentPostprocessing = 0;
		};
/* End PBXSourcesBuildPhase section */

/* Begin XCBuildConfiguration section */
		42FAB2841B9E6E8200AD59E9 /* Debug */ = {
			isa = XCBuildConfiguration;
			buildSettings = {
				ALWAYS_SEARCH_USER_PATHS = NO;
				CLANG_CXX_LANGUAGE_STANDARD = "gnu++0x";
				CLANG_CXX_LIBRARY = "libc++";
				CLANG_ENABLE_MODULES = YES;
				CLANG_ENABLE_OBJC_ARC = YES;
				CLANG_WARN_BOOL_CONVERSION = YES;
				CLANG_WARN_CONSTANT_CONVERSION = YES;
				CLANG_WARN_DIRECT_OBJC_ISA_USAGE = YES_ERROR;
				CLANG_WARN_EMPTY_BODY = YES;
				CLANG_WARN_ENUM_CONVERSION = YES;
				CLANG_WARN_INT_CONVERSION = YES;
				CLANG_WARN_OBJC_ROOT_CLASS = YES_ERROR;
				CLANG_WARN_UNREACHABLE_CODE = YES;
				CLANG_WARN__DUPLICATE_METHOD_MATCH = YES;
				CONFIGURATION_BUILD_DIR = $SRCROOT/uexBaiduNavi;
				COPY_PHASE_STRIP = NO;
				DEBUG_INFORMATION_FORMAT = "dwarf-with-dsym";
				ENABLE_STRICT_OBJC_MSGSEND = YES;
				GCC_C_LANGUAGE_STANDARD = gnu99;
				GCC_DYNAMIC_NO_PIC = NO;
				GCC_NO_COMMON_BLOCKS = YES;
				GCC_OPTIMIZATION_LEVEL = 0;
				GCC_PRECOMPILE_PREFIX_HEADER = YES;
				GCC_PREFIX_HEADER = "$SRCROOT/EUExBaiduNavi/sourceCode/AppCanPlugin-Prefix.pch";
				GCC_PREPROCESSOR_DEFINITIONS = (
					"DEBUG=1",
					"$(inherited)",
				);
				GCC_SYMBOLS_PRIVATE_EXTERN = NO;
				GCC_WARN_64_TO_32_BIT_CONVERSION = YES;
				GCC_WARN_ABOUT_RETURN_TYPE = YES_ERROR;
				GCC_WARN_UNDECLARED_SELECTOR = YES;
				GCC_WARN_UNINITIALIZED_AUTOS = YES_AGGRESSIVE;
				GCC_WARN_UNUSED_FUNCTION = YES;
				GCC_WARN_UNUSED_VARIABLE = YES;
				IPHONEOS_DEPLOYMENT_TARGET = 8.4;
				MTL_ENABLE_DEBUG_INFO = YES;
				ONLY_ACTIVE_ARCH = YES;
				SDKROOT = iphoneos;
				VALID_ARCHS = "arm64 armv7";
			};
			name = Debug;
		};
		42FAB2851B9E6E8200AD59E9 /* Release */ = {
			isa = XCBuildConfiguration;
			buildSettings = {
				ALWAYS_SEARCH_USER_PATHS = NO;
				CLANG_CXX_LANGUAGE_STANDARD = "gnu++0x";
				CLANG_CXX_LIBRARY = "libc++";
				CLANG_ENABLE_MODULES = YES;
				CLANG_ENABLE_OBJC_ARC = YES;
				CLANG_WARN_BOOL_CONVERSION = YES;
				CLANG_WARN_CONSTANT_CONVERSION = YES;
				CLANG_WARN_DIRECT_OBJC_ISA_USAGE = YES_ERROR;
				CLANG_WARN_EMPTY_BODY = YES;
				CLANG_WARN_ENUM_CONVERSION = YES;
				CLANG_WARN_INT_CONVERSION = YES;
				CLANG_WARN_OBJC_ROOT_CLASS = YES_ERROR;
				CLANG_WARN_UNREACHABLE_CODE = YES;
				CLANG_WARN__DUPLICATE_METHOD_MATCH = YES;
				CONFIGURATION_BUILD_DIR = $SRCROOT/uexBaiduNavi;
				COPY_PHASE_STRIP = NO;
				DEBUG_INFORMATION_FORMAT = "dwarf-with-dsym";
				ENABLE_NS_ASSERTIONS = NO;
				ENABLE_STRICT_OBJC_MSGSEND = YES;
				GCC_C_LANGUAGE_STANDARD = gnu99;
				GCC_NO_COMMON_BLOCKS = YES;
				GCC_PRECOMPILE_PREFIX_HEADER = YES;
				GCC_PREFIX_HEADER = "$SRCROOT/EUExBaiduNavi/sourceCode/AppCanPlugin-Prefix.pch";
				GCC_WARN_64_TO_32_BIT_CONVERSION = YES;
				GCC_WARN_ABOUT_RETURN_TYPE = YES_ERROR;
				GCC_WARN_UNDECLARED_SELECTOR = YES;
				GCC_WARN_UNINITIALIZED_AUTOS = YES_AGGRESSIVE;
				GCC_WARN_UNUSED_FUNCTION = YES;
				GCC_WARN_UNUSED_VARIABLE = YES;
				IPHONEOS_DEPLOYMENT_TARGET = 8.4;
				MTL_ENABLE_DEBUG_INFO = NO;
				SDKROOT = iphoneos;
				VALIDATE_PRODUCT = YES;
				VALID_ARCHS = "arm64 armv7";
			};
			name = Release;
		};
		42FAB2871B9E6E8200AD59E9 /* Debug */ = {
			isa = XCBuildConfiguration;
			buildSettings = {
				LIBRARY_SEARCH_PATHS = (
					"$(inherited)",
					"$(PROJECT_DIR)/EUExBaiduNavi/sourceCode/BaiduNaviSDK/BaiduStatistics",
					"$(PROJECT_DIR)/EUExBaiduNavi/sourceCode/BaiduNaviSDK",
				);
				OTHER_LDFLAGS = "-ObjC";
				PRODUCT_NAME = uexBaiduNavi;
				SKIP_INSTALL = YES;
			};
			name = Debug;
		};
		42FAB2881B9E6E8200AD59E9 /* Release */ = {
			isa = XCBuildConfiguration;
			buildSettings = {
				LIBRARY_SEARCH_PATHS = (
					"$(inherited)",
					"$(PROJECT_DIR)/EUExBaiduNavi/sourceCode/BaiduNaviSDK/BaiduStatistics",
					"$(PROJECT_DIR)/EUExBaiduNavi/sourceCode/BaiduNaviSDK",
				);
				OTHER_LDFLAGS = "-ObjC";
				PRODUCT_NAME = uexBaiduNavi;
				SKIP_INSTALL = YES;
			};
			name = Release;
		};
/* End XCBuildConfiguration section */

/* Begin XCConfigurationList section */
		42FAB26D1B9E6E8200AD59E9 /* Build configuration list for PBXProject "EUExBaiduNavi" */ = {
			isa = XCConfigurationList;
			buildConfigurations = (
				42FAB2841B9E6E8200AD59E9 /* Debug */,
				42FAB2851B9E6E8200AD59E9 /* Release */,
			);
			defaultConfigurationIsVisible = 0;
			defaultConfigurationName = Release;
		};
		42FAB2861B9E6E8200AD59E9 /* Build configuration list for PBXNativeTarget "EUExBaiduNavi" */ = {
			isa = XCConfigurationList;
			buildConfigurations = (
				42FAB2871B9E6E8200AD59E9 /* Debug */,
				42FAB2881B9E6E8200AD59E9 /* Release */,
			);
			defaultConfigurationIsVisible = 0;
			defaultConfigurationName = Release;
		};
/* End XCConfigurationList section */
	};
	rootObject = 42FAB26A1B9E6E8200AD59E9 /* Project object */;
}
